// !$*UTF8*$!
{
	archiveVersion = 1;
	classes = {
	};
	objectVersion = 55;
	objects = {

/* Begin PBXBuildFile section */
		440F19AC28AC26520049A2EE /* Colors.swift in Sources */ = {isa = PBXBuildFile; fileRef = 440F19AB28AC26520049A2EE /* Colors.swift */; };
		443E53AB28986B1800163ECF /* FeedViewCell.swift in Sources */ = {isa = PBXBuildFile; fileRef = 443E53AA28986B1800163ECF /* FeedViewCell.swift */; };
		44454A7C28C22FB200FC7ED4 /* Header.swift in Sources */ = {isa = PBXBuildFile; fileRef = 44454A7B28C22FB200FC7ED4 /* Header.swift */; };
		44454A7E28C2384100FC7ED4 /* NewsView.swift in Sources */ = {isa = PBXBuildFile; fileRef = 44454A7D28C2384100FC7ED4 /* NewsView.swift */; };
		44454A8128C2422400FC7ED4 /* NewsViewController.swift in Sources */ = {isa = PBXBuildFile; fileRef = 44454A8028C2422400FC7ED4 /* NewsViewController.swift */; };
		4457EAF42893215700B890FC /* NewsViewModel.swift in Sources */ = {isa = PBXBuildFile; fileRef = 4457EAF32893215700B890FC /* NewsViewModel.swift */; };
		4469D2FF28902E4700BBD7E1 /* RegisterServicing.swift in Sources */ = {isa = PBXBuildFile; fileRef = 4469D2FE28902E4700BBD7E1 /* RegisterServicing.swift */; };
		4469D30328902FB800BBD7E1 /* DependencyContainer.swift in Sources */ = {isa = PBXBuildFile; fileRef = 4469D30228902FB800BBD7E1 /* DependencyContainer.swift */; };
		4496BE7D288F259C00C95E4C /* AppDelegate.swift in Sources */ = {isa = PBXBuildFile; fileRef = 4496BE7C288F259C00C95E4C /* AppDelegate.swift */; };
		4496BE7F288F259C00C95E4C /* SceneDelegate.swift in Sources */ = {isa = PBXBuildFile; fileRef = 4496BE7E288F259C00C95E4C /* SceneDelegate.swift */; };
		4496BE81288F259C00C95E4C /* NewsFeedViewController.swift in Sources */ = {isa = PBXBuildFile; fileRef = 4496BE80288F259C00C95E4C /* NewsFeedViewController.swift */; };
		4496BE84288F259C00C95E4C /* Main.storyboard in Resources */ = {isa = PBXBuildFile; fileRef = 4496BE82288F259C00C95E4C /* Main.storyboard */; };
		4496BE86288F259E00C95E4C /* Assets.xcassets in Resources */ = {isa = PBXBuildFile; fileRef = 4496BE85288F259E00C95E4C /* Assets.xcassets */; };
		4496BE89288F259E00C95E4C /* LaunchScreen.storyboard in Resources */ = {isa = PBXBuildFile; fileRef = 4496BE87288F259E00C95E4C /* LaunchScreen.storyboard */; };
		4496BE94288F259E00C95E4C /* cars_newsTests.swift in Sources */ = {isa = PBXBuildFile; fileRef = 4496BE93288F259E00C95E4C /* cars_newsTests.swift */; };
		4496BE9E288F259E00C95E4C /* cars_newsUITests.swift in Sources */ = {isa = PBXBuildFile; fileRef = 4496BE9D288F259E00C95E4C /* cars_newsUITests.swift */; };
		4496BEA0288F259E00C95E4C /* cars_newsUITestsLaunchTests.swift in Sources */ = {isa = PBXBuildFile; fileRef = 4496BE9F288F259E00C95E4C /* cars_newsUITestsLaunchTests.swift */; };
		4496BEAE288F271400C95E4C /* News.swift in Sources */ = {isa = PBXBuildFile; fileRef = 4496BEAD288F271400C95E4C /* News.swift */; };
		4496BEB4288F291900C95E4C /* RequestServicing.swift in Sources */ = {isa = PBXBuildFile; fileRef = 4496BEB3288F291900C95E4C /* RequestServicing.swift */; };
		4496BEB6288F29A800C95E4C /* RequestService.swift in Sources */ = {isa = PBXBuildFile; fileRef = 4496BEB5288F29A800C95E4C /* RequestService.swift */; };
		4496BEB8288F2E8200C95E4C /* NetworkUtils.swift in Sources */ = {isa = PBXBuildFile; fileRef = 4496BEB7288F2E8200C95E4C /* NetworkUtils.swift */; };
		4496BEBA288F2F4100C95E4C /* RequestManaging.swift in Sources */ = {isa = PBXBuildFile; fileRef = 4496BEB9288F2F4100C95E4C /* RequestManaging.swift */; };
		4496BEBC288F2F9F00C95E4C /* RequestManager.swift in Sources */ = {isa = PBXBuildFile; fileRef = 4496BEBB288F2F9F00C95E4C /* RequestManager.swift */; };
		4496BEC0288F3C3200C95E4C /* Errors.swift in Sources */ = {isa = PBXBuildFile; fileRef = 4496BEBF288F3C3200C95E4C /* Errors.swift */; };
		4496BEC4288F3C7700C95E4C /* PagedItems.swift in Sources */ = {isa = PBXBuildFile; fileRef = 4496BEC3288F3C7700C95E4C /* PagedItems.swift */; };
		44C33942289C54EE00ADBE7A /* StringExtension.swift in Sources */ = {isa = PBXBuildFile; fileRef = 44C33941289C54EE00ADBE7A /* StringExtension.swift */; };
		44C6248D28C7E320005E8F15 /* NewsCellImageView.swift in Sources */ = {isa = PBXBuildFile; fileRef = 44C6248C28C7E320005E8F15 /* NewsCellImageView.swift */; };
		44F391572899B6670069A767 /* UIViewExtension.swift in Sources */ = {isa = PBXBuildFile; fileRef = 44F391562899B6670069A767 /* UIViewExtension.swift */; };
		44F460BF28C245CB00907450 /* NewsViewInfo.swift in Sources */ = {isa = PBXBuildFile; fileRef = 44F460BE28C245CB00907450 /* NewsViewInfo.swift */; };
/* End PBXBuildFile section */

/* Begin PBXContainerItemProxy section */
		4496BE90288F259E00C95E4C /* PBXContainerItemProxy */ = {
			isa = PBXContainerItemProxy;
			containerPortal = 4496BE71288F259C00C95E4C /* Project object */;
			proxyType = 1;
			remoteGlobalIDString = 4496BE78288F259C00C95E4C;
			remoteInfo = "cars-news";
		};
		4496BE9A288F259E00C95E4C /* PBXContainerItemProxy */ = {
			isa = PBXContainerItemProxy;
			containerPortal = 4496BE71288F259C00C95E4C /* Project object */;
			proxyType = 1;
			remoteGlobalIDString = 4496BE78288F259C00C95E4C;
			remoteInfo = "cars-news";
		};
/* End PBXContainerItemProxy section */

/* Begin PBXFileReference section */
		440F19AB28AC26520049A2EE /* Colors.swift */ = {isa = PBXFileReference; lastKnownFileType = sourcecode.swift; path = Colors.swift; sourceTree = "<group>"; };
		443E53AA28986B1800163ECF /* FeedViewCell.swift */ = {isa = PBXFileReference; lastKnownFileType = sourcecode.swift; path = FeedViewCell.swift; sourceTree = "<group>"; };
		44454A7B28C22FB200FC7ED4 /* Header.swift */ = {isa = PBXFileReference; lastKnownFileType = sourcecode.swift; path = Header.swift; sourceTree = "<group>"; };
		44454A7D28C2384100FC7ED4 /* NewsView.swift */ = {isa = PBXFileReference; lastKnownFileType = sourcecode.swift; path = NewsView.swift; sourceTree = "<group>"; };
		44454A8028C2422400FC7ED4 /* NewsViewController.swift */ = {isa = PBXFileReference; lastKnownFileType = sourcecode.swift; path = NewsViewController.swift; sourceTree = "<group>"; };
		4457EAF32893215700B890FC /* NewsViewModel.swift */ = {isa = PBXFileReference; lastKnownFileType = sourcecode.swift; path = NewsViewModel.swift; sourceTree = "<group>"; };
		4469D2FE28902E4700BBD7E1 /* RegisterServicing.swift */ = {isa = PBXFileReference; lastKnownFileType = sourcecode.swift; path = RegisterServicing.swift; sourceTree = "<group>"; };
		4469D30228902FB800BBD7E1 /* DependencyContainer.swift */ = {isa = PBXFileReference; lastKnownFileType = sourcecode.swift; path = DependencyContainer.swift; sourceTree = "<group>"; };
		4496BE79288F259C00C95E4C /* cars-news.app */ = {isa = PBXFileReference; explicitFileType = wrapper.application; includeInIndex = 0; path = "cars-news.app"; sourceTree = BUILT_PRODUCTS_DIR; };
		4496BE7C288F259C00C95E4C /* AppDelegate.swift */ = {isa = PBXFileReference; lastKnownFileType = sourcecode.swift; path = AppDelegate.swift; sourceTree = "<group>"; };
		4496BE7E288F259C00C95E4C /* SceneDelegate.swift */ = {isa = PBXFileReference; lastKnownFileType = sourcecode.swift; path = SceneDelegate.swift; sourceTree = "<group>"; };
		4496BE80288F259C00C95E4C /* NewsFeedViewController.swift */ = {isa = PBXFileReference; lastKnownFileType = sourcecode.swift; path = NewsFeedViewController.swift; sourceTree = "<group>"; };
		4496BE83288F259C00C95E4C /* Base */ = {isa = PBXFileReference; lastKnownFileType = file.storyboard; name = Base; path = Base.lproj/Main.storyboard; sourceTree = "<group>"; };
		4496BE85288F259E00C95E4C /* Assets.xcassets */ = {isa = PBXFileReference; lastKnownFileType = folder.assetcatalog; path = Assets.xcassets; sourceTree = "<group>"; };
		4496BE88288F259E00C95E4C /* Base */ = {isa = PBXFileReference; lastKnownFileType = file.storyboard; name = Base; path = Base.lproj/LaunchScreen.storyboard; sourceTree = "<group>"; };
		4496BE8A288F259E00C95E4C /* Info.plist */ = {isa = PBXFileReference; lastKnownFileType = text.plist.xml; path = Info.plist; sourceTree = "<group>"; };
		4496BE8F288F259E00C95E4C /* cars-newsTests.xctest */ = {isa = PBXFileReference; explicitFileType = wrapper.cfbundle; includeInIndex = 0; path = "cars-newsTests.xctest"; sourceTree = BUILT_PRODUCTS_DIR; };
		4496BE93288F259E00C95E4C /* cars_newsTests.swift */ = {isa = PBXFileReference; lastKnownFileType = sourcecode.swift; path = cars_newsTests.swift; sourceTree = "<group>"; };
		4496BE99288F259E00C95E4C /* cars-newsUITests.xctest */ = {isa = PBXFileReference; explicitFileType = wrapper.cfbundle; includeInIndex = 0; path = "cars-newsUITests.xctest"; sourceTree = BUILT_PRODUCTS_DIR; };
		4496BE9D288F259E00C95E4C /* cars_newsUITests.swift */ = {isa = PBXFileReference; lastKnownFileType = sourcecode.swift; path = cars_newsUITests.swift; sourceTree = "<group>"; };
		4496BE9F288F259E00C95E4C /* cars_newsUITestsLaunchTests.swift */ = {isa = PBXFileReference; lastKnownFileType = sourcecode.swift; path = cars_newsUITestsLaunchTests.swift; sourceTree = "<group>"; };
		4496BEAD288F271400C95E4C /* News.swift */ = {isa = PBXFileReference; lastKnownFileType = sourcecode.swift; path = News.swift; sourceTree = "<group>"; };
		4496BEB3288F291900C95E4C /* RequestServicing.swift */ = {isa = PBXFileReference; lastKnownFileType = sourcecode.swift; path = RequestServicing.swift; sourceTree = "<group>"; };
		4496BEB5288F29A800C95E4C /* RequestService.swift */ = {isa = PBXFileReference; lastKnownFileType = sourcecode.swift; path = RequestService.swift; sourceTree = "<group>"; };
		4496BEB7288F2E8200C95E4C /* NetworkUtils.swift */ = {isa = PBXFileReference; lastKnownFileType = sourcecode.swift; path = NetworkUtils.swift; sourceTree = "<group>"; };
		4496BEB9288F2F4100C95E4C /* RequestManaging.swift */ = {isa = PBXFileReference; lastKnownFileType = sourcecode.swift; path = RequestManaging.swift; sourceTree = "<group>"; };
		4496BEBB288F2F9F00C95E4C /* RequestManager.swift */ = {isa = PBXFileReference; lastKnownFileType = sourcecode.swift; path = RequestManager.swift; sourceTree = "<group>"; };
		4496BEBF288F3C3200C95E4C /* Errors.swift */ = {isa = PBXFileReference; lastKnownFileType = sourcecode.swift; path = Errors.swift; sourceTree = "<group>"; };
		4496BEC3288F3C7700C95E4C /* PagedItems.swift */ = {isa = PBXFileReference; lastKnownFileType = sourcecode.swift; path = PagedItems.swift; sourceTree = "<group>"; };
		44C33941289C54EE00ADBE7A /* StringExtension.swift */ = {isa = PBXFileReference; lastKnownFileType = sourcecode.swift; path = StringExtension.swift; sourceTree = "<group>"; };
		44C6248C28C7E320005E8F15 /* NewsCellImageView.swift */ = {isa = PBXFileReference; lastKnownFileType = sourcecode.swift; path = NewsCellImageView.swift; sourceTree = "<group>"; };
		44F391562899B6670069A767 /* UIViewExtension.swift */ = {isa = PBXFileReference; lastKnownFileType = sourcecode.swift; path = UIViewExtension.swift; sourceTree = "<group>"; };
		44F460BE28C245CB00907450 /* NewsViewInfo.swift */ = {isa = PBXFileReference; lastKnownFileType = sourcecode.swift; path = NewsViewInfo.swift; sourceTree = "<group>"; };
/* End PBXFileReference section */

/* Begin PBXFrameworksBuildPhase section */
		4496BE76288F259C00C95E4C /* Frameworks */ = {
			isa = PBXFrameworksBuildPhase;
			buildActionMask = 2147483647;
			files = (
			);
			runOnlyForDeploymentPostprocessing = 0;
		};
		4496BE8C288F259E00C95E4C /* Frameworks */ = {
			isa = PBXFrameworksBuildPhase;
			buildActionMask = 2147483647;
			files = (
			);
			runOnlyForDeploymentPostprocessing = 0;
		};
		4496BE96288F259E00C95E4C /* Frameworks */ = {
			isa = PBXFrameworksBuildPhase;
			buildActionMask = 2147483647;
			files = (
			);
			runOnlyForDeploymentPostprocessing = 0;
		};
/* End PBXFrameworksBuildPhase section */

/* Begin PBXGroup section */
		443E53A728986AF500163ECF /* Components */ = {
			isa = PBXGroup;
			children = (
				44454A7F28C2384800FC7ED4 /* Views */,
				443E53A828986AFD00163ECF /* Cells */,
				44C6248C28C7E320005E8F15 /* NewsCellImageView.swift */,
			);
			path = Components;
			sourceTree = "<group>";
		};
		443E53A828986AFD00163ECF /* Cells */ = {
			isa = PBXGroup;
			children = (
				443E53A928986B0500163ECF /* CollectionViewCell */,
			);
			path = Cells;
			sourceTree = "<group>";
		};
		443E53A928986B0500163ECF /* CollectionViewCell */ = {
			isa = PBXGroup;
			children = (
				443E53AA28986B1800163ECF /* FeedViewCell.swift */,
			);
			path = CollectionViewCell;
			sourceTree = "<group>";
		};
		44454A7F28C2384800FC7ED4 /* Views */ = {
			isa = PBXGroup;
			children = (
				44454A7D28C2384100FC7ED4 /* NewsView.swift */,
				44454A7B28C22FB200FC7ED4 /* Header.swift */,
			);
			path = Views;
			sourceTree = "<group>";
		};
		4457EAF22893214300B890FC /* ViewModels */ = {
			isa = PBXGroup;
			children = (
				4457EAF32893215700B890FC /* NewsViewModel.swift */,
			);
			path = ViewModels;
			sourceTree = "<group>";
		};
		4469D2FD28902DFA00BBD7E1 /* Container dependecies */ = {
			isa = PBXGroup;
			children = (
				4469D2FE28902E4700BBD7E1 /* RegisterServicing.swift */,
				4469D30228902FB800BBD7E1 /* DependencyContainer.swift */,
			);
			path = "Container dependecies";
			sourceTree = "<group>";
		};
		4496BE70288F259C00C95E4C = {
			isa = PBXGroup;
			children = (
				4496BE7B288F259C00C95E4C /* cars-news */,
				4496BE92288F259E00C95E4C /* cars-newsTests */,
				4496BE9C288F259E00C95E4C /* cars-newsUITests */,
				4496BE7A288F259C00C95E4C /* Products */,
			);
			sourceTree = "<group>";
		};
		4496BE7A288F259C00C95E4C /* Products */ = {
			isa = PBXGroup;
			children = (
				4496BE79288F259C00C95E4C /* cars-news.app */,
				4496BE8F288F259E00C95E4C /* cars-newsTests.xctest */,
				4496BE99288F259E00C95E4C /* cars-newsUITests.xctest */,
			);
			name = Products;
			sourceTree = "<group>";
		};
		4496BE7B288F259C00C95E4C /* cars-news */ = {
			isa = PBXGroup;
			children = (
				4496BEAC288F26E700C95E4C /* Models */,
				4457EAF22893214300B890FC /* ViewModels */,
				4496BEBE288F3C2300C95E4C /* Errors */,
				44F391552899B6460069A767 /* Extensions */,
				443E53A728986AF500163ECF /* Components */,
				4496BEBD288F326F00C95E4C /* Controllers */,
				4496BEAF288F27BA00C95E4C /* Utils */,
				44F391582899B6D10069A767 /* Storyboards */,
				4496BE7C288F259C00C95E4C /* AppDelegate.swift */,
				4496BE7E288F259C00C95E4C /* SceneDelegate.swift */,
				4496BE85288F259E00C95E4C /* Assets.xcassets */,
				4496BE8A288F259E00C95E4C /* Info.plist */,
			);
			path = "cars-news";
			sourceTree = "<group>";
		};
		4496BE92288F259E00C95E4C /* cars-newsTests */ = {
			isa = PBXGroup;
			children = (
				4496BE93288F259E00C95E4C /* cars_newsTests.swift */,
			);
			path = "cars-newsTests";
			sourceTree = "<group>";
		};
		4496BE9C288F259E00C95E4C /* cars-newsUITests */ = {
			isa = PBXGroup;
			children = (
				4496BE9D288F259E00C95E4C /* cars_newsUITests.swift */,
				4496BE9F288F259E00C95E4C /* cars_newsUITestsLaunchTests.swift */,
			);
			path = "cars-newsUITests";
			sourceTree = "<group>";
		};
		4496BEAC288F26E700C95E4C /* Models */ = {
			isa = PBXGroup;
			children = (
				4496BEAD288F271400C95E4C /* News.swift */,
				44F460BE28C245CB00907450 /* NewsViewInfo.swift */,
			);
			path = Models;
			sourceTree = "<group>";
		};
		4496BEAF288F27BA00C95E4C /* Utils */ = {
			isa = PBXGroup;
			children = (
				4496BEC2288F3C6600C95E4C /* Request Models */,
				4496BEB0288F28AF00C95E4C /* Dependency Injection */,
				4496BEB7288F2E8200C95E4C /* NetworkUtils.swift */,
				440F19AB28AC26520049A2EE /* Colors.swift */,
			);
			path = Utils;
			sourceTree = "<group>";
		};
		4496BEB0288F28AF00C95E4C /* Dependency Injection */ = {
			isa = PBXGroup;
			children = (
				4469D2FD28902DFA00BBD7E1 /* Container dependecies */,
				4496BEB2288F290400C95E4C /* Implementation */,
				4496BEB1288F28EF00C95E4C /* Protocols */,
			);
			path = "Dependency Injection";
			sourceTree = "<group>";
		};
		4496BEB1288F28EF00C95E4C /* Protocols */ = {
			isa = PBXGroup;
			children = (
				4496BEB3288F291900C95E4C /* RequestServicing.swift */,
				4496BEB9288F2F4100C95E4C /* RequestManaging.swift */,
			);
			path = Protocols;
			sourceTree = "<group>";
		};
		4496BEB2288F290400C95E4C /* Implementation */ = {
			isa = PBXGroup;
			children = (
				4496BEB5288F29A800C95E4C /* RequestService.swift */,
				4496BEBB288F2F9F00C95E4C /* RequestManager.swift */,
			);
			path = Implementation;
			sourceTree = "<group>";
		};
		4496BEBD288F326F00C95E4C /* Controllers */ = {
			isa = PBXGroup;
			children = (
				4496BE80288F259C00C95E4C /* NewsFeedViewController.swift */,
				44454A8028C2422400FC7ED4 /* NewsViewController.swift */,
			);
			path = Controllers;
			sourceTree = "<group>";
		};
		4496BEBE288F3C2300C95E4C /* Errors */ = {
			isa = PBXGroup;
			children = (
				4496BEBF288F3C3200C95E4C /* Errors.swift */,
			);
			path = Errors;
			sourceTree = "<group>";
		};
		4496BEC2288F3C6600C95E4C /* Request Models */ = {
			isa = PBXGroup;
			children = (
				4496BEC3288F3C7700C95E4C /* PagedItems.swift */,
			);
			path = "Request Models";
			sourceTree = "<group>";
		};
		44F391552899B6460069A767 /* Extensions */ = {
			isa = PBXGroup;
			children = (
				44F391562899B6670069A767 /* UIViewExtension.swift */,
				44C33941289C54EE00ADBE7A /* StringExtension.swift */,
			);
			path = Extensions;
			sourceTree = "<group>";
		};
		44F391582899B6D10069A767 /* Storyboards */ = {
			isa = PBXGroup;
			children = (
				4496BE87288F259E00C95E4C /* LaunchScreen.storyboard */,
				4496BE82288F259C00C95E4C /* Main.storyboard */,
			);
			path = Storyboards;
			sourceTree = "<group>";
		};
/* End PBXGroup section */

/* Begin PBXNativeTarget section */
		4496BE78288F259C00C95E4C /* cars-news */ = {
			isa = PBXNativeTarget;
			buildConfigurationList = 4496BEA3288F259E00C95E4C /* Build configuration list for PBXNativeTarget "cars-news" */;
			buildPhases = (
				4496BE75288F259C00C95E4C /* Sources */,
				4496BE76288F259C00C95E4C /* Frameworks */,
				4496BE77288F259C00C95E4C /* Resources */,
			);
			buildRules = (
			);
			dependencies = (
			);
			name = "cars-news";
			productName = "cars-news";
			productReference = 4496BE79288F259C00C95E4C /* cars-news.app */;
			productType = "com.apple.product-type.application";
		};
		4496BE8E288F259E00C95E4C /* cars-newsTests */ = {
			isa = PBXNativeTarget;
			buildConfigurationList = 4496BEA6288F259E00C95E4C /* Build configuration list for PBXNativeTarget "cars-newsTests" */;
			buildPhases = (
				4496BE8B288F259E00C95E4C /* Sources */,
				4496BE8C288F259E00C95E4C /* Frameworks */,
				4496BE8D288F259E00C95E4C /* Resources */,
			);
			buildRules = (
			);
			dependencies = (
				4496BE91288F259E00C95E4C /* PBXTargetDependency */,
			);
			name = "cars-newsTests";
			productName = "cars-newsTests";
			productReference = 4496BE8F288F259E00C95E4C /* cars-newsTests.xctest */;
			productType = "com.apple.product-type.bundle.unit-test";
		};
		4496BE98288F259E00C95E4C /* cars-newsUITests */ = {
			isa = PBXNativeTarget;
			buildConfigurationList = 4496BEA9288F259E00C95E4C /* Build configuration list for PBXNativeTarget "cars-newsUITests" */;
			buildPhases = (
				4496BE95288F259E00C95E4C /* Sources */,
				4496BE96288F259E00C95E4C /* Frameworks */,
				4496BE97288F259E00C95E4C /* Resources */,
			);
			buildRules = (
			);
			dependencies = (
				4496BE9B288F259E00C95E4C /* PBXTargetDependency */,
			);
			name = "cars-newsUITests";
			productName = "cars-newsUITests";
			productReference = 4496BE99288F259E00C95E4C /* cars-newsUITests.xctest */;
			productType = "com.apple.product-type.bundle.ui-testing";
		};
/* End PBXNativeTarget section */

/* Begin PBXProject section */
		4496BE71288F259C00C95E4C /* Project object */ = {
			isa = PBXProject;
			attributes = {
				BuildIndependentTargetsInParallel = 1;
				LastSwiftUpdateCheck = 1340;
				LastUpgradeCheck = 1340;
				TargetAttributes = {
					4496BE78288F259C00C95E4C = {
						CreatedOnToolsVersion = 13.4.1;
					};
					4496BE8E288F259E00C95E4C = {
						CreatedOnToolsVersion = 13.4.1;
						TestTargetID = 4496BE78288F259C00C95E4C;
					};
					4496BE98288F259E00C95E4C = {
						CreatedOnToolsVersion = 13.4.1;
						TestTargetID = 4496BE78288F259C00C95E4C;
					};
				};
			};
			buildConfigurationList = 4496BE74288F259C00C95E4C /* Build configuration list for PBXProject "cars-news" */;
			compatibilityVersion = "Xcode 13.0";
			developmentRegion = en;
			hasScannedForEncodings = 0;
			knownRegions = (
				en,
				Base,
			);
			mainGroup = 4496BE70288F259C00C95E4C;
			productRefGroup = 4496BE7A288F259C00C95E4C /* Products */;
			projectDirPath = "";
			projectRoot = "";
			targets = (
				4496BE78288F259C00C95E4C /* cars-news */,
				4496BE8E288F259E00C95E4C /* cars-newsTests */,
				4496BE98288F259E00C95E4C /* cars-newsUITests */,
			);
		};
/* End PBXProject section */

/* Begin PBXResourcesBuildPhase section */
		4496BE77288F259C00C95E4C /* Resources */ = {
			isa = PBXResourcesBuildPhase;
			buildActionMask = 2147483647;
			files = (
				4496BE89288F259E00C95E4C /* LaunchScreen.storyboard in Resources */,
				4496BE86288F259E00C95E4C /* Assets.xcassets in Resources */,
				4496BE84288F259C00C95E4C /* Main.storyboard in Resources */,
			);
			runOnlyForDeploymentPostprocessing = 0;
		};
		4496BE8D288F259E00C95E4C /* Resources */ = {
			isa = PBXResourcesBuildPhase;
			buildActionMask = 2147483647;
			files = (
			);
			runOnlyForDeploymentPostprocessing = 0;
		};
		4496BE97288F259E00C95E4C /* Resources */ = {
			isa = PBXResourcesBuildPhase;
			buildActionMask = 2147483647;
			files = (
			);
			runOnlyForDeploymentPostprocessing = 0;
		};
/* End PBXResourcesBuildPhase section */

/* Begin PBXSourcesBuildPhase section */
		4496BE75288F259C00C95E4C /* Sources */ = {
			isa = PBXSourcesBuildPhase;
			buildActionMask = 2147483647;
			files = (
				44454A7C28C22FB200FC7ED4 /* Header.swift in Sources */,
				4496BE81288F259C00C95E4C /* NewsFeedViewController.swift in Sources */,
				440F19AC28AC26520049A2EE /* Colors.swift in Sources */,
				4469D2FF28902E4700BBD7E1 /* RegisterServicing.swift in Sources */,
				443E53AB28986B1800163ECF /* FeedViewCell.swift in Sources */,
				4496BE7D288F259C00C95E4C /* AppDelegate.swift in Sources */,
				4496BEAE288F271400C95E4C /* News.swift in Sources */,
				4496BEBA288F2F4100C95E4C /* RequestManaging.swift in Sources */,
				44F391572899B6670069A767 /* UIViewExtension.swift in Sources */,
				4496BEB4288F291900C95E4C /* RequestServicing.swift in Sources */,
				44C33942289C54EE00ADBE7A /* StringExtension.swift in Sources */,
				4469D30328902FB800BBD7E1 /* DependencyContainer.swift in Sources */,
				4496BE7F288F259C00C95E4C /* SceneDelegate.swift in Sources */,
				44454A7E28C2384100FC7ED4 /* NewsView.swift in Sources */,
				4496BEC0288F3C3200C95E4C /* Errors.swift in Sources */,
				4496BEBC288F2F9F00C95E4C /* RequestManager.swift in Sources */,
				4496BEB8288F2E8200C95E4C /* NetworkUtils.swift in Sources */,
				4457EAF42893215700B890FC /* NewsViewModel.swift in Sources */,
				44454A8128C2422400FC7ED4 /* NewsViewController.swift in Sources */,
				44F460BF28C245CB00907450 /* NewsViewInfo.swift in Sources */,
				4496BEB6288F29A800C95E4C /* RequestService.swift in Sources */,
				44C6248D28C7E320005E8F15 /* NewsCellImageView.swift in Sources */,
				4496BEC4288F3C7700C95E4C /* PagedItems.swift in Sources */,
			);
			runOnlyForDeploymentPostprocessing = 0;
		};
		4496BE8B288F259E00C95E4C /* Sources */ = {
			isa = PBXSourcesBuildPhase;
			buildActionMask = 2147483647;
			files = (
				4496BE94288F259E00C95E4C /* cars_newsTests.swift in Sources */,
			);
			runOnlyForDeploymentPostprocessing = 0;
		};
		4496BE95288F259E00C95E4C /* Sources */ = {
			isa = PBXSourcesBuildPhase;
			buildActionMask = 2147483647;
			files = (
				4496BEA0288F259E00C95E4C /* cars_newsUITestsLaunchTests.swift in Sources */,
				4496BE9E288F259E00C95E4C /* cars_newsUITests.swift in Sources */,
			);
			runOnlyForDeploymentPostprocessing = 0;
		};
/* End PBXSourcesBuildPhase section */

/* Begin PBXTargetDependency section */
		4496BE91288F259E00C95E4C /* PBXTargetDependency */ = {
			isa = PBXTargetDependency;
			target = 4496BE78288F259C00C95E4C /* cars-news */;
			targetProxy = 4496BE90288F259E00C95E4C /* PBXContainerItemProxy */;
		};
		4496BE9B288F259E00C95E4C /* PBXTargetDependency */ = {
			isa = PBXTargetDependency;
			target = 4496BE78288F259C00C95E4C /* cars-news */;
			targetProxy = 4496BE9A288F259E00C95E4C /* PBXContainerItemProxy */;
		};
/* End PBXTargetDependency section */

/* Begin PBXVariantGroup section */
		4496BE82288F259C00C95E4C /* Main.storyboard */ = {
			isa = PBXVariantGroup;
			children = (
				4496BE83288F259C00C95E4C /* Base */,
			);
			name = Main.storyboard;
			sourceTree = "<group>";
		};
		4496BE87288F259E00C95E4C /* LaunchScreen.storyboard */ = {
			isa = PBXVariantGroup;
			children = (
				4496BE88288F259E00C95E4C /* Base */,
			);
			name = LaunchScreen.storyboard;
			sourceTree = "<group>";
		};
/* End PBXVariantGroup section */

/* Begin XCBuildConfiguration section */
		4496BEA1288F259E00C95E4C /* Debug */ = {
			isa = XCBuildConfiguration;
			buildSettings = {
				ALWAYS_SEARCH_USER_PATHS = NO;
				CLANG_ANALYZER_NONNULL = YES;
				CLANG_ANALYZER_NUMBER_OBJECT_CONVERSION = YES_AGGRESSIVE;
				CLANG_CXX_LANGUAGE_STANDARD = "gnu++17";
				CLANG_ENABLE_MODULES = YES;
				CLANG_ENABLE_OBJC_ARC = YES;
				CLANG_ENABLE_OBJC_WEAK = YES;
				CLANG_WARN_BLOCK_CAPTURE_AUTORELEASING = YES;
				CLANG_WARN_BOOL_CONVERSION = YES;
				CLANG_WARN_COMMA = YES;
				CLANG_WARN_CONSTANT_CONVERSION = YES;
				CLANG_WARN_DEPRECATED_OBJC_IMPLEMENTATIONS = YES;
				CLANG_WARN_DIRECT_OBJC_ISA_USAGE = YES_ERROR;
				CLANG_WARN_DOCUMENTATION_COMMENTS = YES;
				CLANG_WARN_EMPTY_BODY = YES;
				CLANG_WARN_ENUM_CONVERSION = YES;
				CLANG_WARN_INFINITE_RECURSION = YES;
				CLANG_WARN_INT_CONVERSION = YES;
				CLANG_WARN_NON_LITERAL_NULL_CONVERSION = YES;
				CLANG_WARN_OBJC_IMPLICIT_RETAIN_SELF = YES;
				CLANG_WARN_OBJC_LITERAL_CONVERSION = YES;
				CLANG_WARN_OBJC_ROOT_CLASS = YES_ERROR;
				CLANG_WARN_QUOTED_INCLUDE_IN_FRAMEWORK_HEADER = YES;
				CLANG_WARN_RANGE_LOOP_ANALYSIS = YES;
				CLANG_WARN_STRICT_PROTOTYPES = YES;
				CLANG_WARN_SUSPICIOUS_MOVE = YES;
				CLANG_WARN_UNGUARDED_AVAILABILITY = YES_AGGRESSIVE;
				CLANG_WARN_UNREACHABLE_CODE = YES;
				CLANG_WARN__DUPLICATE_METHOD_MATCH = YES;
				COPY_PHASE_STRIP = NO;
				DEBUG_INFORMATION_FORMAT = dwarf;
				ENABLE_STRICT_OBJC_MSGSEND = YES;
				ENABLE_TESTABILITY = YES;
				GCC_C_LANGUAGE_STANDARD = gnu11;
				GCC_DYNAMIC_NO_PIC = NO;
				GCC_NO_COMMON_BLOCKS = YES;
				GCC_OPTIMIZATION_LEVEL = 0;
				GCC_PREPROCESSOR_DEFINITIONS = (
					"DEBUG=1",
					"$(inherited)",
				);
				GCC_WARN_64_TO_32_BIT_CONVERSION = YES;
				GCC_WARN_ABOUT_RETURN_TYPE = YES_ERROR;
				GCC_WARN_UNDECLARED_SELECTOR = YES;
				GCC_WARN_UNINITIALIZED_AUTOS = YES_AGGRESSIVE;
				GCC_WARN_UNUSED_FUNCTION = YES;
				GCC_WARN_UNUSED_VARIABLE = YES;
				IPHONEOS_DEPLOYMENT_TARGET = 15.5;
				MTL_ENABLE_DEBUG_INFO = INCLUDE_SOURCE;
				MTL_FAST_MATH = YES;
				ONLY_ACTIVE_ARCH = YES;
				SDKROOT = iphoneos;
				SWIFT_ACTIVE_COMPILATION_CONDITIONS = DEBUG;
				SWIFT_OPTIMIZATION_LEVEL = "-Onone";
			};
			name = Debug;
		};
		4496BEA2288F259E00C95E4C /* Release */ = {
			isa = XCBuildConfiguration;
			buildSettings = {
				ALWAYS_SEARCH_USER_PATHS = NO;
				CLANG_ANALYZER_NONNULL = YES;
				CLANG_ANALYZER_NUMBER_OBJECT_CONVERSION = YES_AGGRESSIVE;
				CLANG_CXX_LANGUAGE_STANDARD = "gnu++17";
				CLANG_ENABLE_MODULES = YES;
				CLANG_ENABLE_OBJC_ARC = YES;
				CLANG_ENABLE_OBJC_WEAK = YES;
				CLANG_WARN_BLOCK_CAPTURE_AUTORELEASING = YES;
				CLANG_WARN_BOOL_CONVERSION = YES;
				CLANG_WARN_COMMA = YES;
				CLANG_WARN_CONSTANT_CONVERSION = YES;
				CLANG_WARN_DEPRECATED_OBJC_IMPLEMENTATIONS = YES;
				CLANG_WARN_DIRECT_OBJC_ISA_USAGE = YES_ERROR;
				CLANG_WARN_DOCUMENTATION_COMMENTS = YES;
				CLANG_WARN_EMPTY_BODY = YES;
				CLANG_WARN_ENUM_CONVERSION = YES;
				CLANG_WARN_INFINITE_RECURSION = YES;
				CLANG_WARN_INT_CONVERSION = YES;
				CLANG_WARN_NON_LITERAL_NULL_CONVERSION = YES;
				CLANG_WARN_OBJC_IMPLICIT_RETAIN_SELF = YES;
				CLANG_WARN_OBJC_LITERAL_CONVERSION = YES;
				CLANG_WARN_OBJC_ROOT_CLASS = YES_ERROR;
				CLANG_WARN_QUOTED_INCLUDE_IN_FRAMEWORK_HEADER = YES;
				CLANG_WARN_RANGE_LOOP_ANALYSIS = YES;
				CLANG_WARN_STRICT_PROTOTYPES = YES;
				CLANG_WARN_SUSPICIOUS_MOVE = YES;
				CLANG_WARN_UNGUARDED_AVAILABILITY = YES_AGGRESSIVE;
				CLANG_WARN_UNREACHABLE_CODE = YES;
				CLANG_WARN__DUPLICATE_METHOD_MATCH = YES;
				COPY_PHASE_STRIP = NO;
				DEBUG_INFORMATION_FORMAT = "dwarf-with-dsym";
				ENABLE_NS_ASSERTIONS = NO;
				ENABLE_STRICT_OBJC_MSGSEND = YES;
				GCC_C_LANGUAGE_STANDARD = gnu11;
				GCC_NO_COMMON_BLOCKS = YES;
				GCC_WARN_64_TO_32_BIT_CONVERSION = YES;
				GCC_WARN_ABOUT_RETURN_TYPE = YES_ERROR;
				GCC_WARN_UNDECLARED_SELECTOR = YES;
				GCC_WARN_UNINITIALIZED_AUTOS = YES_AGGRESSIVE;
				GCC_WARN_UNUSED_FUNCTION = YES;
				GCC_WARN_UNUSED_VARIABLE = YES;
				IPHONEOS_DEPLOYMENT_TARGET = 15.5;
				MTL_ENABLE_DEBUG_INFO = NO;
				MTL_FAST_MATH = YES;
				SDKROOT = iphoneos;
				SWIFT_COMPILATION_MODE = wholemodule;
				SWIFT_OPTIMIZATION_LEVEL = "-O";
				VALIDATE_PRODUCT = YES;
			};
			name = Release;
		};
		4496BEA4288F259E00C95E4C /* Debug */ = {
			isa = XCBuildConfiguration;
			buildSettings = {
				ASSETCATALOG_COMPILER_APPICON_NAME = AppIcon;
				ASSETCATALOG_COMPILER_GLOBAL_ACCENT_COLOR_NAME = AccentColor;
				CODE_SIGN_STYLE = Automatic;
				CURRENT_PROJECT_VERSION = 1;
				DEVELOPMENT_TEAM = JR4X524R53;
				GENERATE_INFOPLIST_FILE = YES;
				INFOPLIST_FILE = "cars-news/Info.plist";
				INFOPLIST_KEY_UIApplicationSupportsIndirectInputEvents = YES;
				INFOPLIST_KEY_UILaunchStoryboardName = LaunchScreen;
				INFOPLIST_KEY_UIMainStoryboardFile = Main;
				INFOPLIST_KEY_UISupportedInterfaceOrientations_iPad = "UIInterfaceOrientationPortrait UIInterfaceOrientationPortraitUpsideDown UIInterfaceOrientationLandscapeLeft UIInterfaceOrientationLandscapeRight";
				INFOPLIST_KEY_UISupportedInterfaceOrientations_iPhone = "UIInterfaceOrientationPortrait UIInterfaceOrientationLandscapeLeft UIInterfaceOrientationLandscapeRight";
				LD_RUNPATH_SEARCH_PATHS = (
					"$(inherited)",
					"@executable_path/Frameworks",
				);
				MARKETING_VERSION = 1.0;
				PRODUCT_BUNDLE_IDENTIFIER = "com.grest2.cars-news";
				PRODUCT_NAME = "$(TARGET_NAME)";
				SWIFT_EMIT_LOC_STRINGS = YES;
				SWIFT_VERSION = 5.0;
				TARGETED_DEVICE_FAMILY = "1,2";
			};
			name = Debug;
		};
		4496BEA5288F259E00C95E4C /* Release */ = {
			isa = XCBuildConfiguration;
			buildSettings = {
				ASSETCATALOG_COMPILER_APPICON_NAME = AppIcon;
				ASSETCATALOG_COMPILER_GLOBAL_ACCENT_COLOR_NAME = AccentColor;
				CODE_SIGN_STYLE = Automatic;
				CURRENT_PROJECT_VERSION = 1;
				DEVELOPMENT_TEAM = JR4X524R53;
				GENERATE_INFOPLIST_FILE = YES;
				INFOPLIST_FILE = "cars-news/Info.plist";
				INFOPLIST_KEY_UIApplicationSupportsIndirectInputEvents = YES;
				INFOPLIST_KEY_UILaunchStoryboardName = LaunchScreen;
				INFOPLIST_KEY_UIMainStoryboardFile = Main;
				INFOPLIST_KEY_UISupportedInterfaceOrientations_iPad = "UIInterfaceOrientationPortrait UIInterfaceOrientationPortraitUpsideDown UIInterfaceOrientationLandscapeLeft UIInterfaceOrientationLandscapeRight";
				INFOPLIST_KEY_UISupportedInterfaceOrientations_iPhone = "UIInterfaceOrientationPortrait UIInterfaceOrientationLandscapeLeft UIInterfaceOrientationLandscapeRight";
				LD_RUNPATH_SEARCH_PATHS = (
					"$(inherited)",
					"@executable_path/Frameworks",
				);
				MARKETING_VERSION = 1.0;
				PRODUCT_BUNDLE_IDENTIFIER = "com.grest2.cars-news";
				PRODUCT_NAME = "$(TARGET_NAME)";
				SWIFT_EMIT_LOC_STRINGS = YES;
				SWIFT_VERSION = 5.0;
				TARGETED_DEVICE_FAMILY = "1,2";
			};
			name = Release;
		};
		4496BEA7288F259E00C95E4C /* Debug */ = {
			isa = XCBuildConfiguration;
			buildSettings = {
				ALWAYS_EMBED_SWIFT_STANDARD_LIBRARIES = YES;
				BUNDLE_LOADER = "$(TEST_HOST)";
				CODE_SIGN_STYLE = Automatic;
				CURRENT_PROJECT_VERSION = 1;
				GENERATE_INFOPLIST_FILE = YES;
				IPHONEOS_DEPLOYMENT_TARGET = 15.5;
				MARKETING_VERSION = 1.0;
				PRODUCT_BUNDLE_IDENTIFIER = "com.grest2.cars-newsTests";
				PRODUCT_NAME = "$(TARGET_NAME)";
				SWIFT_EMIT_LOC_STRINGS = NO;
				SWIFT_VERSION = 5.0;
				TARGETED_DEVICE_FAMILY = "1,2";
				TEST_HOST = "$(BUILT_PRODUCTS_DIR)/cars-news.app/cars-news";
			};
			name = Debug;
		};
		4496BEA8288F259E00C95E4C /* Release */ = {
			isa = XCBuildConfiguration;
			buildSettings = {
				ALWAYS_EMBED_SWIFT_STANDARD_LIBRARIES = YES;
				BUNDLE_LOADER = "$(TEST_HOST)";
				CODE_SIGN_STYLE = Automatic;
				CURRENT_PROJECT_VERSION = 1;
				GENERATE_INFOPLIST_FILE = YES;
				IPHONEOS_DEPLOYMENT_TARGET = 15.5;
				MARKETING_VERSION = 1.0;
				PRODUCT_BUNDLE_IDENTIFIER = "com.grest2.cars-newsTests";
				PRODUCT_NAME = "$(TARGET_NAME)";
				SWIFT_EMIT_LOC_STRINGS = NO;
				SWIFT_VERSION = 5.0;
				TARGETED_DEVICE_FAMILY = "1,2";
				TEST_HOST = "$(BUILT_PRODUCTS_DIR)/cars-news.app/cars-news";
			};
			name = Release;
		};
		4496BEAA288F259E00C95E4C /* Debug */ = {
			isa = XCBuildConfiguration;
			buildSettings = {
				ALWAYS_EMBED_SWIFT_STANDARD_LIBRARIES = YES;
				CODE_SIGN_STYLE = Automatic;
				CURRENT_PROJECT_VERSION = 1;
				GENERATE_INFOPLIST_FILE = YES;
				MARKETING_VERSION = 1.0;
				PRODUCT_BUNDLE_IDENTIFIER = "com.grest2.cars-newsUITests";
				PRODUCT_NAME = "$(TARGET_NAME)";
				SWIFT_EMIT_LOC_STRINGS = NO;
				SWIFT_VERSION = 5.0;
				TARGETED_DEVICE_FAMILY = "1,2";
				TEST_TARGET_NAME = "cars-news";
			};
			name = Debug;
		};
		4496BEAB288F259E00C95E4C /* Release */ = {
			isa = XCBuildConfiguration;
			buildSettings = {
				ALWAYS_EMBED_SWIFT_STANDARD_LIBRARIES = YES;
				CODE_SIGN_STYLE = Automatic;
				CURRENT_PROJECT_VERSION = 1;
				GENERATE_INFOPLIST_FILE = YES;
				MARKETING_VERSION = 1.0;
				PRODUCT_BUNDLE_IDENTIFIER = "com.grest2.cars-newsUITests";
				PRODUCT_NAME = "$(TARGET_NAME)";
				SWIFT_EMIT_LOC_STRINGS = NO;
				SWIFT_VERSION = 5.0;
				TARGETED_DEVICE_FAMILY = "1,2";
				TEST_TARGET_NAME = "cars-news";
			};
			name = Release;
		};
/* End XCBuildConfiguration section */

/* Begin XCConfigurationList section */
		4496BE74288F259C00C95E4C /* Build configuration list for PBXProject "cars-news" */ = {
			isa = XCConfigurationList;
			buildConfigurations = (
				4496BEA1288F259E00C95E4C /* Debug */,
				4496BEA2288F259E00C95E4C /* Release */,
			);
			defaultConfigurationIsVisible = 0;
			defaultConfigurationName = Release;
		};
		4496BEA3288F259E00C95E4C /* Build configuration list for PBXNativeTarget "cars-news" */ = {
			isa = XCConfigurationList;
			buildConfigurations = (
				4496BEA4288F259E00C95E4C /* Debug */,
				4496BEA5288F259E00C95E4C /* Release */,
			);
			defaultConfigurationIsVisible = 0;
			defaultConfigurationName = Release;
		};
		4496BEA6288F259E00C95E4C /* Build configuration list for PBXNativeTarget "cars-newsTests" */ = {
			isa = XCConfigurationList;
			buildConfigurations = (
				4496BEA7288F259E00C95E4C /* Debug */,
				4496BEA8288F259E00C95E4C /* Release */,
			);
			defaultConfigurationIsVisible = 0;
			defaultConfigurationName = Release;
		};
		4496BEA9288F259E00C95E4C /* Build configuration list for PBXNativeTarget "cars-newsUITests" */ = {
			isa = XCConfigurationList;
			buildConfigurations = (
				4496BEAA288F259E00C95E4C /* Debug */,
				4496BEAB288F259E00C95E4C /* Release */,
			);
			defaultConfigurationIsVisible = 0;
			defaultConfigurationName = Release;
		};
/* End XCConfigurationList section */
	};
	rootObject = 4496BE71288F259C00C95E4C /* Project object */;
}
